
Microsoft Visual Studio Solution File, Format Version 12.00
# Visual Studio Version 16
VisualStudioVersion = 16.0.30011.22
MinimumVisualStudioVersion = 10.0.40219.1
Project("{FAE04EC0-301F-11D3-BF4B-00C04F79EFBC}") = "BenignBeaconer", "BenignBeaconer\BenignBeaconer.csproj", "{FB3E8B26-4FE1-4E5B-8962-304271EE904B}"
EndProject
Global
	GlobalSection(SolutionConfigurationPlatforms) = preSolution
		Debug|Any CPU = Debug|Any CPU
		Release|Any CPU = Release|Any CPU
	EndGlobalSection
	GlobalSection(ProjectConfigurationPlatforms) = postSolution
		{FB3E8B26-4FE1-4E5B-8962-304271EE904B}.Debug|Any CPU.ActiveCfg = Debug|Any CPU
		{FB3E8B26-4FE1-4E5B-8962-304271EE904B}.Debug|Any CPU.Build.0 = Debug|Any CPU
		{FB3E8B26-4FE1-4E5B-8962-304271EE904B}.Release|Any CPU.ActiveCfg = Release|Any CPU
		{FB3E8B26-4FE1-4E5B-8962-304271EE904B}.Release|Any CPU.Build.0 = Release|Any CPU
	EndGlobalSection
	GlobalSection(SolutionProperties) = preSolution
		HideSolutionNode = FALSE
	EndGlobalSection
	GlobalSection(ExtensibilityGlobals) = postSolution
		SolutionGuid = {8A0CA225-5120-422C-9FDB-D15F6B1615C7}
	EndGlobalSection
EndGlobal
